<?xml version="1.0" encoding="utf-8"?>
<Project ToolsVersion="4.0" xmlns="http://schemas.microsoft.com/developer/msbuild/2003">
  <ItemGroup>
    <Filter Include="Quelldateien">
      <UniqueIdentifier>{4FC737F1-C7A5-4376-A066-2A32D752A2FF}</UniqueIdentifier>
      <Extensions>cpp;c;cc;cxx;def;odl;idl;hpj;bat;asm;asmx</Extensions>
    </Filter>
    <Filter Include="Headerdateien">
      <UniqueIdentifier>{93995380-89BD-4b04-88EB-625FBE52EBFB}</UniqueIdentifier>
      <Extensions>h;hpp;hxx;hm;inl;inc;xsd</Extensions>
    </Filter>
    <Filter Include="Ressourcendateien">
      <UniqueIdentifier>{67DA6AB6-F800-4c08-8B7A-83BB121AAD01}</UniqueIdentifier>
      <Extensions>rc;ico;cur;bmp;dlg;rc2;rct;bin;rgs;gif;jpg;jpeg;jpe;resx;tiff;tif;png;wav;mfcribbon-ms</Extensions>
    </Filter>
    <Filter Include="Headerdateien\Variables">
      <UniqueIdentifier>{f9ac90e7-500f-4710-a372-c9f259ebeb1a}</UniqueIdentifier>
    </Filter>
    <Filter Include="Quelldateien\Variables">
      <UniqueIdentifier>{d627df84-af12-4d33-bd45-2de708dfdabf}</UniqueIdentifier>
    </Filter>
    <Filter Include="Headerdateien\Misc">
      <UniqueIdentifier>{41169a7b-2f1a-4bb2-a910-a3bf7b13a548}</UniqueIdentifier>
    </Filter>
  </ItemGroup>
  <ItemGroup>
    <ClCompile Include="main.cpp">
      <Filter>Quelldateien</Filter>
    </ClCompile>
    <ClCompile Include="parser.cpp">
      <Filter>Quelldateien</Filter>
    </ClCompile>
    <ClCompile Include="variable.cpp">
      <Filter>Quelldateien\Variables</Filter>
    </ClCompile>
    <ClCompile Include="stack.cpp">
      <Filter>Quelldateien</Filter>
    </ClCompile>
    <ClCompile Include="functionmap.cpp">
      <Filter>Quelldateien</Filter>
    </ClCompile>
  </ItemGroup>
  <ItemGroup>
    <ClInclude Include="main.h">
      <Filter>Headerdateien</Filter>
    </ClInclude>
    <ClInclude Include="parser.h">
      <Filter>Headerdateien</Filter>
    </ClInclude>
    <ClInclude Include="variable.h">
      <Filter>Headerdateien\Variables</Filter>
    </ClInclude>
    <ClInclude Include="global.h">
      <Filter>Headerdateien\Misc</Filter>
    </ClInclude>
    <ClInclude Include="stack.h">
      <Filter>Headerdateien</Filter>
    </ClInclude>
    <ClInclude Include="functionmap.h">
      <Filter>Headerdateien</Filter>
    </ClInclude>
  </ItemGroup>
</Project>